version = 1
revision = 3
requires-python = ">=3.11"

[[package]]
name = "colorama"
version = "0.4.6"
source = { registry = "https://pypi.org/simple" }
sdist = { url = "https://files.pythonhosted.org/packages/d8/53/6f443c9a4a8358a93a6792e2acffb9d9d5cb0a5cfd8802644b7b1c9a02e4/colorama-0.4.6.tar.gz", hash = "sha256:08695f5cb7ed6e0531a20572697297273c47b8cae5a63ffc6d6ed5c201be6e44", size = 27697, upload-time = "2022-10-25T02:36:22.414Z" }
wheels = [
    { url = "https://files.pythonhosted.org/packages/d1/d6/3965ed04c63042e047cb6a3e6ed1a63a35087b6a609aa3a15ed8ac56c221/colorama-0.4.6-py2.py3-none-any.whl", hash = "sha256:4f1d9991f5acc0ca119f9d443620b77f9d6b33703e51011c16baf57afb285fc6", size = 25335, upload-time = "2022-10-25T02:36:20.889Z" },
]

[[package]]
name = "hypothesis"
version = "6.156.5"
source = { registry = "https://pypi.org/simple" }
dependencies = [
    { name = "sortedcontainers" },
]
sdist = { url = "https://files.pythonhosted.org/packages/51/9e/de15052a56c80aa7f4dd677a69cdb22b82df2b53a7f5d0c3fc45b6d5d80b/hypothesis-6.156.5.tar.gz", hash = "sha256:b2780ef6f5bb2b9775763b1d2f978e3cbe31717303c3eb9aa2ada2531c30caac", size = 476278, upload-time = "2026-07-10T14:22:30.051Z" }
wheels = [
    { url = "https://files.pythonhosted.org/packages/bf/3c/4e6a1caf42984037e1841e9552b06db96fb26852e1e708a6ddb84b7f3c07/hypothesis-6.156.5-cp310-abi3-macosx_10_12_x86_64.whl", hash = "sha256:aec9566fcf6f062c0730ca864491e888b5a3fd2a6e5652312d41ec700ddd1c13", size = 747969, upload-time = "2026-07-10T14:21:42.536Z" },
    { url = "https://files.pythonhosted.org/packages/73/2f/2898585f3ec2b6e67b8bef9e5293ff4b8a88a1c606987aca29363feae2c3/hypothesis-6.156.5-cp310-abi3-macosx_11_0_arm64.whl", hash = "sha256:cda44f5da66670907004b21927bcf5d54073f2e502775f42921251ff03e5db4f", size = 743018, upload-time = "2026-07-10T14:22:10.027Z" },
    { url = "https://files.pythonhosted.org/packages/5b/d0/261e73324d8bf887941a332b7d155ee2c2d1bb0bd8dad535569a6b260e8c/hypothesis-6.156.5-cp310-abi3-manylinux_2_17_aarch64.manylinux2014_aarch64.whl", hash = "sha256:04fc5fb72398f32789c571c542bdcd5ef532dc584b75e24d72cdb27949e64c3a", size = 1070135, upload-time = "2026-07-10T14:21:48.44Z" },
    { url = "https://files.pythonhosted.org/packages/39/02/e5e3a2e5be4b4b6b62fe8002adeeb1b8178fae5722824bc1d889ffe36c72/hypothesis-6.156.5-cp310-abi3-manylinux_2_17_x86_64.manylinux2014_x86_64.whl", hash = "sha256:a70e62f189a8cc05cbdd9a30e093a6b6ca27a805cff567c0cee834a5982200e9", size = 1121731, upload-time = "2026-07-10T14:21:14.745Z" },
    { url = "https://files.pythonhosted.org/packages/c1/a1/83c4bae9fa63b304e36c379bd7cb3dab4ff8cfd075f14bedd883cdc7146d/hypothesis-6.156.5-cp310-abi3-manylinux_2_5_i686.manylinux1_i686.whl", hash = "sha256:910dfa8f5b1adc259a4dd73cb06666f632bad2938fb3516d363041d6a14a1b7b", size = 1111410, upload-time = "2026-07-10T14:21:16.199Z" },
    { url = "https://files.pythonhosted.org/packages/d7/3e/ff4621e85fedbfa329c1c4e9ede6cb71a8a12bc93a8e1dfe7e045e50464b/hypothesis-6.156.5-cp310-abi3-musllinux_1_2_aarch64.whl", hash = "sha256:78bd5d844ebc49c950596ee50e7afca0da64419b85c382699469a55b65024f6b", size = 1244914, upload-time = "2026-07-10T14:21:22.666Z" },
    { url = "https://files.pythonhosted.org/packages/66/64/de3d3a8be8eb0a2d50c10ddbd92bcc8e8ddab6c1e01c81d081cf4f25aef1/hypothesis-6.156.5-cp310-abi3-musllinux_1_2_x86_64.whl", hash = "sha256:fafe8e4e62aeb73c1be0f71ccd1b387e701ccbedbde474702da8e4bce01a54e6", size = 1288779, upload-time = "2026-07-10T14:21:43.9Z" },
    { url = "https://files.pythonhosted.org/packages/7d/3c/6767aac371738462e737b08423d7593014943b3d3b75436ed24cb6f35892/hypothesis-6.156.5-cp310-abi3-win32.whl", hash = "sha256:4552dbf25653e3dbdd8dc594a77732c0370ea8ba52c2df64f48a338e63107118", size = 634831, upload-time = "2026-07-10T14:21:12.265Z" },
    { url = "https://files.pythonhosted.org/packages/0d/82/dfde7b1b5d7a0d63325b1009c13910f1e1bd77c2a80162bb95e1ee767c04/hypothesis-6.156.5-cp310-abi3-win_amd64.whl", hash = "sha256:cf647a0d054711e42004004b37376885a50e1b76e5f02c781a3ce674c1e13d5a", size = 640369, upload-time = "2026-07-10T14:21:56.725Z" },
    { url = "https://files.pythonhosted.org/packages/9d/d8/ca43184af179fff81c4a8980f13b146e6303652bea011c0ebe5d8199c13a/hypothesis-6.156.5-cp311-cp311-macosx_10_12_x86_64.whl", hash = "sha256:9c7de49e0567fb956f38c2d469b766365994bf2b23df652df6610cb6ca7bcaca", size = 748942, upload-time = "2026-07-10T14:22:18.457Z" },
    { url = "https://files.pythonhosted.org/packages/5f/ea/869c696ec062ea99e2d08fbb50b07fd2a5bf49d3b0370c6200bb80e7f2a2/hypothesis-6.156.5-cp311-cp311-macosx_11_0_arm64.whl", hash = "sha256:81207bba26a7e616474acf4ba1e69d53fbe0aa44db7915f02ccd5112da0c5578", size = 743700, upload-time = "2026-07-10T14:21:50.161Z" },
    { url = "https://files.pythonhosted.org/packages/30/ef/80e5cca86e186363872dd49a3e355879b47f36716f46a980cb7c4f3907a9/hypothesis-6.156.5-cp311-cp311-manylinux_2_17_aarch64.manylinux2014_aarch64.whl", hash = "sha256:a03f1919fa139c86fad6efcb8be3b6614e5309b67f197216d21b59337e2fd04b", size = 1070726, upload-time = "2026-07-10T14:21:36.73Z" },
    { url = "https://files.pythonhosted.org/packages/23/5c/15b15ea52dae1fff4623abe50236c86f52fff4a395d27781c7e1ddb6cdd3/hypothesis-6.156.5-cp311-cp311-manylinux_2_17_x86_64.manylinux2014_x86_64.whl", hash = "sha256:6d5fbbccaeae692f3cd9c32fd946fed49881385c16d46072b445d2d01b33858c", size = 1121953, upload-time = "2026-07-10T14:21:33.374Z" },
    { url = "https://files.pythonhosted.org/packages/7f/39/03b7b442f549b64871c1aa4847a0adc5ed5bd003b4b4659277c04c477828/hypothesis-6.156.5-cp311-cp311-musllinux_1_2_aarch64.whl", hash = "sha256:5cee554b4d0c876215a6bd3bb68d676df9b3666b642a5b952c5c6d777dca6b1a", size = 1245534, upload-time = "2026-07-10T14:21:02.637Z" },
    { url = "https://files.pythonhosted.org/packages/82/c5/958e9d80a36b0e76ff917e6e0d35c864c0b767a5a713d13cd462911596a8/hypothesis-6.156.5-cp311-cp311-musllinux_1_2_x86_64.whl", hash = "sha256:949c9e0fdf0632ab9ac119b99a3b6e610434b5185e86ededa4df0f83f3df4263", size = 1289127, upload-time = "2026-07-10T14:22:04.605Z" },
    { url = "https://files.pythonhosted.org/packages/70/99/7b922c5ba41c4e10239354ad3232e4c8cd7d7c75fee170068bc28f1baedb/hypothesis-6.156.5-cp311-cp311-win_amd64.whl", hash = "sha256:717f167a5fd61097fcf1d31eab2889292f464398b3b1e306c99be2dc91de47ca", size = 640163, upload-time = "2026-07-10T14:21:58.166Z" },
    { url = "https://files.pythonhosted.org/packages/33/ae/f6663fb752e2c186300c4c3f039ac19182382721d5bfb3370ea8820d02f0/hypothesis-6.156.5-cp312-cp312-macosx_10_12_x86_64.whl", hash = "sha256:0622846641949d0f1a925f458768be223b55a8f060b059734f637f3a00869a43", size = 748814, upload-time = "2026-07-10T14:22:11.598Z" },
    { url = "https://files.pythonhosted.org/packages/d0/57/93430b874ac895caa42ff3463e2a5a4e6d3d73c7a8674f8739a0fb5e2707/hypothesis-6.156.5-cp312-cp312-macosx_11_0_arm64.whl", hash = "sha256:94f6a94269483a7a53335fa5df2ae2f7c95f76e6a953f511fff03859c2fe616f", size = 741907, upload-time = "2026-07-10T14:21:24.17Z" },
    { url = "https://files.pythonhosted.org/packages/b4/1c/2cc4764ff9d9fe71956a0677133a3e9a6e03bc39633de936a9588260b6ea/hypothesis-6.156.5-cp312-cp312-manylinux_2_17_aarch64.manylinux2014_aarch64.whl", hash = "sha256:e226328d39d991d6ec73dc44e717dfa8ec0ed86cb3870995e6ae76b5fec5c157", size = 1069705, upload-time = "2026-07-10T14:21:59.611Z" },
    { url = "https://files.pythonhosted.org/packages/77/09/b0a6ef4124e142ad7d5459840247e5434f85391d0f2431ebdfef265bbadb/hypothesis-6.156.5-cp312-cp312-manylinux_2_17_x86_64.manylinux2014_x86_64.whl", hash = "sha256:750003b04031c9012a0571c14e97ef70111ed42bfbcefab91ba4b619474e32dd", size = 1120948, upload-time = "2026-07-10T14:22:08.406Z" },
    { url = "https://files.pythonhosted.org/packages/a6/df/0b963f188e05c99e72cfb4744500e8124c1fc6a1a97152bc1a09b2a6ab22/hypothesis-6.156.5-cp312-cp312-musllinux_1_2_aarch64.whl", hash = "sha256:012358f9d31fc5b0fadd092fa285d91690a1c6622e75f7120aaec4fd1b12926f", size = 1243853, upload-time = "2026-07-10T14:21:26.89Z" },
    { url = "https://files.pythonhosted.org/packages/1a/e4/62b7c0c45ae9aaf181dc3a355cf042db648141c328b54a40ceae5f5dd2f5/hypothesis-6.156.5-cp312-cp312-musllinux_1_2_x86_64.whl", hash = "sha256:29318faf72ce169b03e90a9e1a8167b2bddb667a653ef66a2f90427b13a191ea", size = 1287779, upload-time = "2026-07-10T14:21:51.67Z" },
    { url = "https://files.pythonhosted.org/packages/bc/90/c9fccb68c072cff3b15695e79f54376df382ae986c2c92d296eef1493306/hypothesis-6.156.5-cp312-cp312-win_amd64.whl", hash = "sha256:3d3a71d67f5309f110855083644b8a0f032adda1c2672b08104470c05a6aac5e", size = 637645, upload-time = "2026-07-10T14:22:26.601Z" },
    { url = "https://files.pythonhosted.org/packages/18/f4/5a6f9f99028a4fb7c9c08e37360193eea174875b05055636dcc6ba63aa62/hypothesis-6.156.5-cp313-cp313-macosx_10_12_x86_64.whl", hash = "sha256:6bc493e3bcb815d1dfe29e0c169f1032c42eea9fd34c7cef734e744d93a17476", size = 749235, upload-time = "2026-07-10T14:22:24.956Z" },
    { url = "https://files.pythonhosted.org/packages/10/e7/141271fe6e4a00825f157e892208a7f4562b62175ffcd0818f813e1135e8/hypothesis-6.156.5-cp313-cp313-macosx_11_0_arm64.whl", hash = "sha256:5332cbc4bbbc1b4495f534df8c8a7b4fc50ca6a08650b1250896a36c091b0cb2", size = 742068, upload-time = "2026-07-10T14:21:40.954Z" },
    { url = "https://files.pythonhosted.org/packages/8b/6c/62dc31e337c9150d75cec7da7192606711417909175b7d399d52b201d53b/hypothesis-6.156.5-cp313-cp313-manylinux_2_17_aarch64.manylinux2014_aarch64.whl", hash = "sha256:c8aa21d73ce8238f438eca30e09ab3b7efef37c60c4da21415903d0e45fbffd5", size = 1069905, upload-time = "2026-07-10T14:21:45.399Z" },
    { url = "https://files.pythonhosted.org/packages/2f/c8/9231c8646a5387a80c53f634a22cd5727f7eeb211251b45ef2a3bf0ffa37/hypothesis-6.156.5-cp313-cp313-manylinux_2_17_x86_64.manylinux2014_x86_64.whl", hash = "sha256:c7123442269105b66924ebcabca92705415db1dd968404f730afd93552840982", size = 1121169, upload-time = "2026-07-10T14:21:30.598Z" },
    { url = "https://files.pythonhosted.org/packages/71/95/a282073b68052868e2ea72b3aef061ab2fd21917f02b31765dbaafa93836/hypothesis-6.156.5-cp313-cp313-musllinux_1_2_aarch64.whl", hash = "sha256:8d93f58fa5b77647e5e3b620e2a6d43682adc64a51d4ce7790f0d9ef4c9a9606", size = 1244127, upload-time = "2026-07-10T14:21:20.049Z" },
    { url = "https://files.pythonhosted.org/packages/fe/35/05aaad619f8a50f9d51e9d1b2796787551776df722b247f03c265e101736/hypothesis-6.156.5-cp313-cp313-musllinux_1_2_x86_64.whl", hash = "sha256:6b39871997ceefceb4a719eb374a3007aa2768847fa250d987acb2384be8ff5c", size = 1288044, upload-time = "2026-07-10T14:21:53.896Z" },
    { url = "https://files.pythonhosted.org/packages/e7/9d/fc8a3b3c959e0e37462e3d68d2474948b5c7a9439f2e4fbf9583a468b7e2/hypothesis-6.156.5-cp313-cp313-win_amd64.whl", hash = "sha256:a724336107450452e8fa649a3c8f24e2dc01bb7a1f12c475a9f4545f2dc0889c", size = 637919, upload-time = "2026-07-10T14:21:25.423Z" },
    { url = "https://files.pythonhosted.org/packages/ea/9e/ba02f0c8257ed8950487dea86fcc07c44bf5f19b81ab105b58f8f10d6833/hypothesis-6.156.5-cp314-cp314-macosx_10_12_x86_64.whl", hash = "sha256:0f3eccde4d2de4d0d8343076da8ee694e6fc8a9970e00c751328cc841a90500b", size = 749285, upload-time = "2026-07-10T14:21:21.278Z" },
    { url = "https://files.pythonhosted.org/packages/0d/a0/042091e7a657dfac98fbc8c3c639a35fd387d5d4b4c038bdfdb43af21584/hypothesis-6.156.5-cp314-cp314-macosx_11_0_arm64.whl", hash = "sha256:c79afa29ef2ef0e96f147ef408ef0d8bbf7a19f218b373913422ac746494ad8e", size = 742288, upload-time = "2026-07-10T14:21:06.373Z" },
    { url = "https://files.pythonhosted.org/packages/99/1b/db9a69bea7fe6684925d27cfe788095a4f0258ef445d95d72dd72522b836/hypothesis-6.156.5-cp314-cp314-manylinux_2_17_aarch64.manylinux2014_aarch64.whl", hash = "sha256:e8ac71d1b07b692d7e1930d62e1232754f8e7f6507e404f4bcbe16e28a108a47", size = 1070075, upload-time = "2026-07-10T14:21:38.192Z" },
    { url = "https://files.pythonhosted.org/packages/6d/12/d5d5ecaf552ac033d8928d48b5aa042b9e3404a0095830ed61e06402b270/hypothesis-6.156.5-cp314-cp314-manylinux_2_17_x86_64.manylinux2014_x86_64.whl", hash = "sha256:ff748c5746af6b83b0e5ad35eff0b99e75d021bce57556813062a34e757be48f", size = 1121494, upload-time = "2026-07-10T14:21:10.47Z" },
    { url = "https://files.pythonhosted.org/packages/f9/f0/de2256681ff4dabefbdfaed9f0a951810c35c030d5d5fcdf3424a3e5828f/hypothesis-6.156.5-cp314-cp314-musllinux_1_2_aarch64.whl", hash = "sha256:7f08d560ecabd4bff4a7f4b34bbc655cdc83b317578c7265e8da0d10b66e272e", size = 1244646, upload-time = "2026-07-10T14:22:14.981Z" },
    { url = "https://files.pythonhosted.org/packages/cf/63/47c7ff0710c03fe321505db83939451962eac87d1d0ce5e5c003ec74b30c/hypothesis-6.156.5-cp314-cp314-musllinux_1_2_x86_64.whl", hash = "sha256:ab0598cd43f0e62ca8a58ffde04efd0783fa5795b099959717f9581fe8753355", size = 1288481, upload-time = "2026-07-10T14:22:01.212Z" },
    { url = "https://files.pythonhosted.org/packages/73/91/590491e00ac43940dc42a6845f283cf27bb983f87bb4798f07673eaeef11/hypothesis-6.156.5-cp314-cp314-pyemscripten_2026_0_wasm32.whl", hash = "sha256:6f797675b82b7417961dd0d634fe6592d5c7e0e564596a001ec6254a100dbc35", size = 586424, upload-time = "2026-07-10T14:21:46.823Z" },
    { url = "https://files.pythonhosted.org/packages/d9/1e/a2227c775f874c28efc8f12b05823ec3dac81ea8ad721a6afe609a1929f3/hypothesis-6.156.5-cp314-cp314-win_amd64.whl", hash = "sha256:39397347a8b524ea68f2a25dd4178edffe0165ba1cb93190c8ea696070e7b5e7", size = 637739, upload-time = "2026-07-10T14:21:04.769Z" },
    { url = "https://files.pythonhosted.org/packages/c7/d7/0ec1deefcf431285ea00e1e86e8af044f08dc1e9d268415ea2707a1b5bca/hypothesis-6.156.5-cp314-cp314t-macosx_10_12_x86_64.whl", hash = "sha256:e8f5093fcaa36e3a5a750b242c41005bf8800f144372dacdcf4c1c4f7ed54e24", size = 747398, upload-time = "2026-07-10T14:21:55.251Z" },
    { url = "https://files.pythonhosted.org/packages/d5/d9/0928982874950fbc276648eba371bea9590af6cfe902bd1adf84bb9a9a04/hypothesis-6.156.5-cp314-cp314t-macosx_11_0_arm64.whl", hash = "sha256:676cbfb1ff9ad8fa0e10e63ef7e1aec8f1f15c44772375eea6708f988992adaf", size = 740858, upload-time = "2026-07-10T14:22:02.793Z" },
    { url = "https://files.pythonhosted.org/packages/09/57/eb180b67835071e39fbc1d59455683abe9b3bdba3c682be7de739959d02b/hypothesis-6.156.5-cp314-cp314t-manylinux_2_17_aarch64.manylinux2014_aarch64.whl", hash = "sha256:305e34195c4233707fa23abdfc6f1234b6b62d2579d395ed96a56f87e5064226", size = 1069265, upload-time = "2026-07-10T14:21:31.919Z" },
    { url = "https://files.pythonhosted.org/packages/6b/31/6b4e1419fe0e0d1b266b79c48c0e18bc261d43491d46f4dd44594c1f2c42/hypothesis-6.156.5-cp314-cp314t-manylinux_2_17_x86_64.manylinux2014_x86_64.whl", hash = "sha256:1ad53de9310c83bbf0c20901d41421eaf138609314d7421f72db39d39a7f0cf7", size = 1120372, upload-time = "2026-07-10T14:22:20.036Z" },
    { url = "https://files.pythonhosted.org/packages/3c/f8/645ff174828e79183a09f465b29e76331a6f408a00fe6dea3763460353ed/hypothesis-6.156.5-cp314-cp314t-musllinux_1_2_aarch64.whl", hash = "sha256:5959642a2ba80156baa6e23cc64d40d27e0d160c019c0aae2d2de62a3537963b", size = 1243138, upload-time = "2026-07-10T14:22:16.792Z" },
    { url = "https://files.pythonhosted.org/packages/3f/59/611cfaa2b474d4fe69064ed5a1b7ec4698845755fbe80488ff7cb62efb6b/hypothesis-6.156.5-cp314-cp314t-musllinux_1_2_x86_64.whl", hash = "sha256:d8ea564a59f3f163f36b7c3522c6bd05c82a508acca5ac6bc5e1b3c265bb8814", size = 1287257, upload-time = "2026-07-10T14:21:08.948Z" },
    { url = "https://files.pythonhosted.org/packages/14/80/0c0a5a6381350b109fd4a696babe90c637a55f5710281059259079cc13b6/hypothesis-6.156.5-cp314-cp314t-win_amd64.whl", hash = "sha256:f1aaebfa3d7c888ad905a6acc933d3093a227b97a136d27ea6d47a531f8bc110", size = 637830, upload-time = "2026-07-10T14:21:29.324Z" },
    { url = "https://files.pythonhosted.org/packages/d0/ad/b034888717705c26860ff808c98298a41540aef0bd25dc395614334e74ea/hypothesis-6.156.5-pp311-pypy311_pp73-macosx_10_12_x86_64.whl", hash = "sha256:47a23e44e900cc44f764483158095a138a1e5b4dd5abcd3e2b54ddf56bcc7ba3", size = 749517, upload-time = "2026-07-10T14:21:07.65Z" },
    { url = "https://files.pythonhosted.org/packages/f5/6a/6239e3918cbb48f2fb86420c31b210dde24d692b51da29328a3bafdc0067/hypothesis-6.156.5-pp311-pypy311_pp73-macosx_11_0_arm64.whl", hash = "sha256:268b5df24a92627daa04f241f1fc01331076158927debca953d19a1ac543f3d9", size = 744372, upload-time = "2026-07-10T14:21:18.908Z" },
    { url = "https://files.pythonhosted.org/packages/f3/99/9dcac9f5058e0d0ef5e5372760c7d994c4b739d461bfb24c6554e9ee3b13/hypothesis-6.156.5-pp311-pypy311_pp73-manylinux_2_17_aarch64.manylinux2014_aarch64.whl", hash = "sha256:e09354067493aa7a797aacb980a1dc6e063c53cae36d9db8a20bd030d3df435f", size = 1070856, upload-time = "2026-07-10T14:21:39.55Z" },
    { url = "https://files.pythonhosted.org/packages/15/e9/63280b1d04ade37a1be922b6817266b75ecc68a32b6988d6e928415760fe/hypothesis-6.156.5-pp311-pypy311_pp73-manylinux_2_17_x86_64.manylinux2014_x86_64.whl", hash = "sha256:1a50062d059fe9f34baaf80aa31c4ef4f42d42fac2a39702d89546a04337a9a7", size = 1122589, upload-time = "2026-07-10T14:21:35.241Z" },
    { url = "https://files.pythonhosted.org/packages/88/6c/6ec6cba54d072b3a7e0ef248a18364d144638115cb95e4681ec9a5cd1290/hypothesis-6.156.5-pp311-pypy311_pp73-win_amd64.whl", hash = "sha256:48173754d2e749649bdd7b978262ef4e597e697a66840e8e168fc0cc20e80ec6", size = 640773, upload-time = "2026-07-10T14:22:13.317Z" },
]

[[package]]
name = "iniconfig"
version = "2.3.0"
source = { registry = "https://pypi.org/simple" }
sdist = { url = "https://files.pythonhosted.org/packages/72/34/14ca021ce8e5dfedc35312d08ba8bf51fdd999c576889fc2c24cb97f4f10/iniconfig-2.3.0.tar.gz", hash = "sha256:c76315c77db068650d49c5b56314774a7804df16fee4402c1f19d6d15d8c4730", size = 20503, upload-time = "2025-10-18T21:55:43.219Z" }
wheels = [
    { url = "https://files.pythonhosted.org/packages/cb/b1/3846dd7f199d53cb17f49cba7e651e9ce294d8497c8c150530ed11865bb8/iniconfig-2.3.0-py3-none-any.whl", hash = "sha256:f631c04d2c48c52b84d0d0549c99ff3859c98df65b3101406327ecc7d53fbf12", size = 7484, upload-time = "2025-10-18T21:55:41.639Z" },
]

[[package]]
name = "jewel-merchants"
version = "0.1.0"
source = { virtual = "." }
dependencies = [
    { name = "hypothesis" },
    { name = "pytest" },
]

[package.metadata]
requires-dist = [
    { name = "hypothesis", specifier = ">=6.156.5" },
    { name = "pytest", specifier = ">=9.1.1" },
]

[[package]]
name = "packaging"
version = "26.2"
source = { registry = "https://pypi.org/simple" }
sdist = { url = "https://files.pythonhosted.org/packages/d7/f1/e7a6dd94a8d4a5626c03e4e99c87f241ba9e350cd9e6d75123f992427270/packaging-26.2.tar.gz", hash = "sha256:ff452ff5a3e828ce110190feff1178bb1f2ea2281fa2075aadb987c2fb221661", size = 228134, upload-time = "2026-04-24T20:15:23.917Z" }
wheels = [
    { url = "https://files.pythonhosted.org/packages/df/b2/87e62e8c3e2f4b32e5fe99e0b86d576da1312593b39f47d8ceef365e95ed/packaging-26.2-py3-none-any.whl", hash = "sha256:5fc45236b9446107ff2415ce77c807cee2862cb6fac22b8a73826d0693b0980e", size = 100195, upload-time = "2026-04-24T20:15:22.081Z" },
]

[[package]]
name = "pluggy"
version = "1.6.0"
source = { registry = "https://pypi.org/simple" }
sdist = { url = "https://files.pythonhosted.org/packages/f9/e2/3e91f31a7d2b083fe6ef3fa267035b518369d9511ffab804f839851d2779/pluggy-1.6.0.tar.gz", hash = "sha256:7dcc130b76258d33b90f61b658791dede3486c3e6bfb003ee5c9bfb396dd22f3", size = 69412, upload-time = "2025-05-15T12:30:07.975Z" }
wheels = [
    { url = "https://files.pythonhosted.org/packages/54/20/4d324d65cc6d9205fabedc306948156824eb9f0ee1633355a8f7ec5c66bf/pluggy-1.6.0-py3-none-any.whl", hash = "sha256:e920276dd6813095e9377c0bc5566d94c932c33b27a3e3945d8389c374dd4746", size = 20538, upload-time = "2025-05-15T12:30:06.134Z" },
]

[[package]]
name = "pygments"
version = "2.20.0"
source = { registry = "https://pypi.org/simple" }
sdist = { url = "https://files.pythonhosted.org/packages/c3/b2/bc9c9196916376152d655522fdcebac55e66de6603a76a02bca1b6414f6c/pygments-2.20.0.tar.gz", hash = "sha256:6757cd03768053ff99f3039c1a36d6c0aa0b263438fcab17520b30a303a82b5f", size = 4955991, upload-time = "2026-03-29T13:29:33.898Z" }
wheels = [
    { url = "https://files.pythonhosted.org/packages/f4/7e/a72dd26f3b0f4f2bf1dd8923c85f7ceb43172af56d63c7383eb62b332364/pygments-2.20.0-py3-none-any.whl", hash = "sha256:81a9e26dd42fd28a23a2d169d86d7ac03b46e2f8b59ed4698fb4785f946d0176", size = 1231151, upload-time = "2026-03-29T13:29:30.038Z" },
]

[[package]]
name = "pytest"
version = "9.1.1"
source = { registry = "https://pypi.org/simple" }
dependencies = [
    { name = "colorama", marker = "sys_platform == 'win32'" },
    { name = "iniconfig" },
    { name = "packaging" },
    { name = "pluggy" },
    { name = "pygments" },
]
sdist = { url = "https://files.pythonhosted.org/packages/e4/47/b9efed96c114afcfa3c9d3fe98a76a1d14c74a9e266d397cf6eb64be5e01/pytest-9.1.1.tar.gz", hash = "sha256:1088fbde8f2b49d95a549a195707afa7a76a3ce9bcadc26b6d71f0ffda5fe313", size = 1636369, upload-time = "2026-06-19T10:58:32.857Z" }
wheels = [
    { url = "https://files.pythonhosted.org/packages/24/25/1de2678b631f5a49215c6c96fff41ba892b0a34df68d6d80292b1b48aa7f/pytest-9.1.1-py3-none-any.whl", hash = "sha256:37a86b45efb9a47a61a36449063e8e18d0cab3161329fc099eb21783169c4f0c", size = 386536, upload-time = "2026-06-19T10:58:31.347Z" },
]

[[package]]
name = "sortedcontainers"
version = "2.4.0"
source = { registry = "https://pypi.org/simple" }
sdist = { url = "https://files.pythonhosted.org/packages/e8/c4/ba2f8066cceb6f23394729afe52f3bf7adec04bf9ed2c820b39e19299111/sortedcontainers-2.4.0.tar.gz", hash = "sha256:25caa5a06cc30b6b83d11423433f65d1f9d76c4c6a0c90e3379eaa43b9bfdb88", size = 30594, upload-time = "2021-05-16T22:03:42.897Z" }
wheels = [
    { url = "https://files.pythonhosted.org/packages/32/46/9cb0e58b2deb7f82b84065f37f3bffeb12413f947f9388e4cac22c4621ce/sortedcontainers-2.4.0-py2.py3-none-any.whl", hash = "sha256:a163dcaede0f1c021485e957a39245190e74249897e2ae4b2aa38595db237ee0", size = 29575, upload-time = "2021-05-16T22:03:41.177Z" },
]
